
Microsoft Visual Studio Solution File, Format Version 12.00
# Visual Studio Version 17
VisualStudioVersion = 17.11.35303.130
MinimumVisualStudioVersion = 10.0.40219.1
Project("{9A19103F-16F7-4668-BE54-9A1E7A4F7556}") = "ImageChanger", "ImageChanger\ImageChanger.csproj", "{37B0D6AD-6BBA-435D-AD95-8E205D106A5C}"
EndProject
Global
	GlobalSection(SolutionConfigurationPlatforms) = preSolution
		Debug|Any CPU = Debug|Any CPU
		Release|Any CPU = Release|Any CPU
	EndGlobalSection
	GlobalSection(ProjectConfigurationPlatforms) = postSolution
		{37B0D6AD-6BBA-435D-AD95-8E205D106A5C}.Debug|Any CPU.ActiveCfg = Debug|Any CPU
		{37B0D6AD-6BBA-435D-AD95-8E205D106A5C}.Debug|Any CPU.Build.0 = Debug|Any CPU
		{37B0D6AD-6BBA-435D-AD95-8E205D106A5C}.Release|Any CPU.ActiveCfg = Release|Any CPU
		{37B0D6AD-6BBA-435D-AD95-8E205D106A5C}.Release|Any CPU.Build.0 = Release|Any CPU
	EndGlobalSection
	GlobalSection(SolutionProperties) = preSolution
		HideSolutionNode = FALSE
	EndGlobalSection
	GlobalSection(ExtensibilityGlobals) = postSolution
		SolutionGuid = {9DC0838E-043E-4161-A512-EAE5194AE097}
	EndGlobalSection
EndGlobal
